Microsoft Visual Studio Solution File, Format Version 12.00
# Visual Studio Version 16
VisualStudioVersion = 16.0.35325.158
MinimumVisualStudioVersion = 10.0.40219.1
Project("{8BC9CEB8-8B4A-11D0-8D11-00A0C91BC942}") = "MMCore", "MMCore\MMCore.vcxproj", "{36571628-728C-4ACD-A47F-503BA91C5D43}"
EndProject
Project("{8BC9CEB8-8B4A-11D0-8D11-00A0C91BC942}") = "MMCoreJ_wrap", "MMCoreJ_wrap\MMCoreJ_wrap.vcxproj", "{EFA68887-8A97-49D7-BAB4-768E15A4E597}"
EndProject
Project("{8BC9CEB8-8B4A-11D0-8D11-00A0C91BC942}") = "DemoCamera", "DeviceAdapters\DemoCamera\DemoCamera.vcxproj", "{806A629B-7EAA-4265-A4C0-8A0EC03B104F}"
EndProject
Project("{8BC9CEB8-8B4A-11D0-8D11-00A0C91BC942}") = "USBManager", "DeviceAdapters\USBManager\USBManager.vcxproj", "{2F7AA48D-2A51-436E-A6F2-6C36EDD1A1A1}"
EndProject
Project("{8BC9CEB8-8B4A-11D0-8D11-00A0C91BC942}") = "Utilities", "DeviceAdapters\Utilities\Utilities.vcxproj", "{E68C2689-7D9F-4B7B-9100-FAB4CF5B08FD}"
EndProject
Project("{8BC9CEB8-8B4A-11D0-8D11-00A0C91BC942}") = "Arduino", "DeviceAdapters\Arduino\Arduino.vcxproj", "{2067D4A8-8C32-40D3-BA9F-6B388ECCD714}"
EndProject
Project("{8BC9CEB8-8B4A-11D0-8D11-00A0C91BC942}") = "SerialManager", "DeviceAdapters\SerialManager\SerialManager.vcxproj", "{2EF7ACDC-F742-4CB6-B301-A242F52BE5C3}"
EndProject
Project("{8BC9CEB8-8B4A-11D0-8D11-00A0C91BC942}") = "FreeSerialPort", "DeviceAdapters\FreeSerialPort\FreeSerialPort.vcxproj", "{F7EE5E71-A1B0-7DF7-EE5E-71A1B07DF7EE}"
EndProject
Project("{8BC9CEB8-8B4A-11D0-8D11-00A0C91BC942}") = "ImageProcessorChain", "DeviceAdapters\ImageProcessorChain\ImageProcessorChain.vcxproj", "{806A629B-7EAA-4265-A4C0-000000000000}"
EndProject
Project("{8BC9CEB8-8B4A-11D0-8D11-00A0C91BC942}") = "HamamatsuHam", "SecretDeviceAdapters\HamamatsuHam\HamamatsuHam.vcxproj", "{1B4CC156-6C0B-4571-AC6D-E6173512684F}"
EndProject
Project("{8BC9CEB8-8B4A-11D0-8D11-00A0C91BC942}") = "OpenCVgrabber", "DeviceAdapters\OpenCVgrabber\OpenCVgrabber.vcxproj", "{028283B8-4E29-457E-9A78-AB6154A0F9D4}"
EndProject
Project("{8BC9CEB8-8B4A-11D0-8D11-00A0C91BC942}") = "MMDevice-SharedRuntime", "MMDevice\MMDevice-SharedRuntime.vcxproj", "{B8C95F39-54BF-40A9-807B-598DF2821D55}"
EndProject
Project("{8BC9CEB8-8B4A-11D0-8D11-00A0C91BC942}") = "MMDevice-StaticRuntime", "MMDevice\MMDevice-StaticRuntime.vcxproj", "{AF3143A4-5529-4C78-A01A-9F2A8977ED64}"
EndProject
Project("{8BC9CEB8-8B4A-11D0-8D11-00A0C91BC942}") = "UserDefinedSerial", "DeviceAdapters\UserDefinedSerial\UserDefinedSerial.vcxproj", "{B51FE0EB-A748-4414-B180-48F9CFEC7BE4}"
EndProject
Project("{8BC9CEB8-8B4A-11D0-8D11-00A0C91BC942}") = "Lumencor", "DeviceAdapters\Lumencor\Lumencor.vcxproj", "{1D7C5EE9-360A-4ECD-A732-16A57D05CA2C}"
EndProject
Project("{8BC9CEB8-8B4A-11D0-8D11-00A0C91BC942}") = "Go2Scope", "DeviceAdapters\go2scope\go2scope.vcxproj", "{2916E620-1157-4154-8223-887D383E9DE6}"
EndProject
Project("{8BC9CEB8-8B4A-11D0-8D11-00A0C91BC942}") = "Dover", "DeviceAdapters\Dover\Dover.vcxproj", "{1793EC43-27A8-414F-92F3-3F50628CF494}"
EndProject
Project("{8BC9CEB8-8B4A-11D0-8D11-00A0C91BC942}") = "Okolab", "DeviceAdapters\Okolab\Okolab.vcxproj", "{49E0167C-FF14-42F2-BEB4-EDBA568640A5}"
EndProject
Project("{8BC9CEB8-8B4A-11D0-8D11-00A0C91BC942}") = "G2SStorageTest", "Tests\G2SStorageTest\G2SStorageTest.vcxproj", "{C87F7284-62EF-4331-9444-9951DB12A57A}"
	ProjectSection(ProjectDependencies) = postProject
		{2916E620-1157-4154-8223-887D383E9DE6} = {2916E620-1157-4154-8223-887D383E9DE6}
		{36571628-728C-4ACD-A47F-503BA91C5D43} = {36571628-728C-4ACD-A47F-503BA91C5D43}
	EndProjectSection
EndProject
Project("{8BC9CEB8-8B4A-11D0-8D11-00A0C91BC942}") = "WDI", "DeviceAdapters\WDI\wdi.vcxproj", "{6412844E-C573-4905-A388-661FB0E1035B}"
EndProject
Global
	GlobalSection(SolutionConfigurationPlatforms) = preSolution
		Debug|x64 = Debug|x64
		Debug|x86 = Debug|x86
		Release|x64 = Release|x64
		Release|x86 = Release|x86
	EndGlobalSection
	GlobalSection(ProjectConfigurationPlatforms) = postSolution
		{36571628-728C-4ACD-A47F-503BA91C5D43}.Debug|x64.ActiveCfg = Debug|x64
		{36571628-728C-4ACD-A47F-503BA91C5D43}.Debug|x64.Build.0 = Debug|x64
		{36571628-728C-4ACD-A47F-503BA91C5D43}.Debug|x86.ActiveCfg = Debug|x64
		{36571628-728C-4ACD-A47F-503BA91C5D43}.Release|x64.ActiveCfg = Release|x64
		{36571628-728C-4ACD-A47F-503BA91C5D43}.Release|x64.Build.0 = Release|x64
		{36571628-728C-4ACD-A47F-503BA91C5D43}.Release|x86.ActiveCfg = Release|x64
		{EFA68887-8A97-49D7-BAB4-768E15A4E597}.Debug|x64.ActiveCfg = Debug|x64
		{EFA68887-8A97-49D7-BAB4-768E15A4E597}.Debug|x64.Build.0 = Debug|x64
		{EFA68887-8A97-49D7-BAB4-768E15A4E597}.Debug|x86.ActiveCfg = Debug|x64
		{EFA68887-8A97-49D7-BAB4-768E15A4E597}.Release|x64.ActiveCfg = Release|x64
		{EFA68887-8A97-49D7-BAB4-768E15A4E597}.Release|x64.Build.0 = Release|x64
		{EFA68887-8A97-49D7-BAB4-768E15A4E597}.Release|x86.ActiveCfg = Release|x64
		{806A629B-7EAA-4265-A4C0-8A0EC03B104F}.Debug|x64.ActiveCfg = Debug|x64
		{806A629B-7EAA-4265-A4C0-8A0EC03B104F}.Debug|x64.Build.0 = Debug|x64
		{806A629B-7EAA-4265-A4C0-8A0EC03B104F}.Debug|x86.ActiveCfg = Debug|x64
		{806A629B-7EAA-4265-A4C0-8A0EC03B104F}.Release|x64.ActiveCfg = Release|x64
		{806A629B-7EAA-4265-A4C0-8A0EC03B104F}.Release|x64.Build.0 = Release|x64
		{806A629B-7EAA-4265-A4C0-8A0EC03B104F}.Release|x86.ActiveCfg = Release|x64
		{2F7AA48D-2A51-436E-A6F2-6C36EDD1A1A1}.Debug|x64.ActiveCfg = Debug|x64
		{2F7AA48D-2A51-436E-A6F2-6C36EDD1A1A1}.Debug|x64.Build.0 = Debug|x64
		{2F7AA48D-2A51-436E-A6F2-6C36EDD1A1A1}.Debug|x86.ActiveCfg = Debug|x64
		{2F7AA48D-2A51-436E-A6F2-6C36EDD1A1A1}.Release|x64.ActiveCfg = Release|x64
		{2F7AA48D-2A51-436E-A6F2-6C36EDD1A1A1}.Release|x64.Build.0 = Release|x64
		{2F7AA48D-2A51-436E-A6F2-6C36EDD1A1A1}.Release|x86.ActiveCfg = Release|x64
		{E68C2689-7D9F-4B7B-9100-FAB4CF5B08FD}.Debug|x64.ActiveCfg = Debug|x64
		{E68C2689-7D9F-4B7B-9100-FAB4CF5B08FD}.Debug|x64.Build.0 = Debug|x64
		{E68C2689-7D9F-4B7B-9100-FAB4CF5B08FD}.Debug|x86.ActiveCfg = Debug|x64
		{E68C2689-7D9F-4B7B-9100-FAB4CF5B08FD}.Release|x64.ActiveCfg = Release|x64
		{E68C2689-7D9F-4B7B-9100-FAB4CF5B08FD}.Release|x64.Build.0 = Release|x64
		{E68C2689-7D9F-4B7B-9100-FAB4CF5B08FD}.Release|x86.ActiveCfg = Release|x64
		{2067D4A8-8C32-40D3-BA9F-6B388ECCD714}.Debug|x64.ActiveCfg = Debug|x64
		{2067D4A8-8C32-40D3-BA9F-6B388ECCD714}.Debug|x64.Build.0 = Debug|x64
		{2067D4A8-8C32-40D3-BA9F-6B388ECCD714}.Debug|x86.ActiveCfg = Debug|x64
		{2067D4A8-8C32-40D3-BA9F-6B388ECCD714}.Release|x64.ActiveCfg = Release|x64
		{2067D4A8-8C32-40D3-BA9F-6B388ECCD714}.Release|x64.Build.0 = Release|x64
		{2067D4A8-8C32-40D3-BA9F-6B388ECCD714}.Release|x86.ActiveCfg = Release|x64
		{2EF7ACDC-F742-4CB6-B301-A242F52BE5C3}.Debug|x64.ActiveCfg = Debug|x64
		{2EF7ACDC-F742-4CB6-B301-A242F52BE5C3}.Debug|x64.Build.0 = Debug|x64
		{2EF7ACDC-F742-4CB6-B301-A242F52BE5C3}.Debug|x86.ActiveCfg = Debug|x64
		{2EF7ACDC-F742-4CB6-B301-A242F52BE5C3}.Release|x64.ActiveCfg = Release|x64
		{2EF7ACDC-F742-4CB6-B301-A242F52BE5C3}.Release|x64.Build.0 = Release|x64
		{2EF7ACDC-F742-4CB6-B301-A242F52BE5C3}.Release|x86.ActiveCfg = Release|x64
		{F7EE5E71-A1B0-7DF7-EE5E-71A1B07DF7EE}.Debug|x64.ActiveCfg = Debug|x64
		{F7EE5E71-A1B0-7DF7-EE5E-71A1B07DF7EE}.Debug|x64.Build.0 = Debug|x64
		{F7EE5E71-A1B0-7DF7-EE5E-71A1B07DF7EE}.Debug|x86.ActiveCfg = Debug|x64
		{F7EE5E71-A1B0-7DF7-EE5E-71A1B07DF7EE}.Release|x64.ActiveCfg = Release|x64
		{F7EE5E71-A1B0-7DF7-EE5E-71A1B07DF7EE}.Release|x64.Build.0 = Release|x64
		{F7EE5E71-A1B0-7DF7-EE5E-71A1B07DF7EE}.Release|x86.ActiveCfg = Release|x64
		{806A629B-7EAA-4265-A4C0-000000000000}.Debug|x64.ActiveCfg = Debug|x64
		{806A629B-7EAA-4265-A4C0-000000000000}.Debug|x64.Build.0 = Debug|x64
		{806A629B-7EAA-4265-A4C0-000000000000}.Debug|x86.ActiveCfg = Debug|x64
		{806A629B-7EAA-4265-A4C0-000000000000}.Release|x64.ActiveCfg = Release|x64
		{806A629B-7EAA-4265-A4C0-000000000000}.Release|x64.Build.0 = Release|x64
		{806A629B-7EAA-4265-A4C0-000000000000}.Release|x86.ActiveCfg = Release|x64
		{1B4CC156-6C0B-4571-AC6D-E6173512684F}.Debug|x64.ActiveCfg = Debug|x64
		{1B4CC156-6C0B-4571-AC6D-E6173512684F}.Debug|x64.Build.0 = Debug|x64
		{1B4CC156-6C0B-4571-AC6D-E6173512684F}.Debug|x86.ActiveCfg = Debug|x64
		{1B4CC156-6C0B-4571-AC6D-E6173512684F}.Release|x64.ActiveCfg = Release|x64
		{1B4CC156-6C0B-4571-AC6D-E6173512684F}.Release|x64.Build.0 = Release|x64
		{1B4CC156-6C0B-4571-AC6D-E6173512684F}.Release|x86.ActiveCfg = Release|x64
		{028283B8-4E29-457E-9A78-AB6154A0F9D4}.Debug|x64.ActiveCfg = Debug|x64
		{028283B8-4E29-457E-9A78-AB6154A0F9D4}.Debug|x64.Build.0 = Debug|x64
		{028283B8-4E29-457E-9A78-AB6154A0F9D4}.Debug|x86.ActiveCfg = Debug|x64
		{028283B8-4E29-457E-9A78-AB6154A0F9D4}.Release|x64.ActiveCfg = Release|x64
		{028283B8-4E29-457E-9A78-AB6154A0F9D4}.Release|x64.Build.0 = Release|x64
		{028283B8-4E29-457E-9A78-AB6154A0F9D4}.Release|x86.ActiveCfg = Release|x64
		{B8C95F39-54BF-40A9-807B-598DF2821D55}.Debug|x64.ActiveCfg = Debug|x64
		{B8C95F39-54BF-40A9-807B-598DF2821D55}.Debug|x64.Build.0 = Debug|x64
		{B8C95F39-54BF-40A9-807B-598DF2821D55}.Debug|x86.ActiveCfg = Debug|x64
		{B8C95F39-54BF-40A9-807B-598DF2821D55}.Release|x64.ActiveCfg = Release|x64
		{B8C95F39-54BF-40A9-807B-598DF2821D55}.Release|x64.Build.0 = Release|x64
		{B8C95F39-54BF-40A9-807B-598DF2821D55}.Release|x86.ActiveCfg = Release|x64
		{AF3143A4-5529-4C78-A01A-9F2A8977ED64}.Debug|x64.ActiveCfg = Debug|x64
		{AF3143A4-5529-4C78-A01A-9F2A8977ED64}.Debug|x64.Build.0 = Debug|x64
		{AF3143A4-5529-4C78-A01A-9F2A8977ED64}.Debug|x86.ActiveCfg = Debug|x64
		{AF3143A4-5529-4C78-A01A-9F2A8977ED64}.Release|x64.ActiveCfg = Release|x64
		{AF3143A4-5529-4C78-A01A-9F2A8977ED64}.Release|x64.Build.0 = Release|x64
		{AF3143A4-5529-4C78-A01A-9F2A8977ED64}.Release|x86.ActiveCfg = Release|x64
		{B51FE0EB-A748-4414-B180-48F9CFEC7BE4}.Debug|x64.ActiveCfg = Debug|x64
		{B51FE0EB-A748-4414-B180-48F9CFEC7BE4}.Debug|x64.Build.0 = Debug|x64
		{B51FE0EB-A748-4414-B180-48F9CFEC7BE4}.Debug|x86.ActiveCfg = Debug|x64
		{B51FE0EB-A748-4414-B180-48F9CFEC7BE4}.Release|x64.ActiveCfg = Release|x64
		{B51FE0EB-A748-4414-B180-48F9CFEC7BE4}.Release|x64.Build.0 = Release|x64
		{B51FE0EB-A748-4414-B180-48F9CFEC7BE4}.Release|x86.ActiveCfg = Release|x64
		{1D7C5EE9-360A-4ECD-A732-16A57D05CA2C}.Debug|x64.ActiveCfg = Debug|x64
		{1D7C5EE9-360A-4ECD-A732-16A57D05CA2C}.Debug|x64.Build.0 = Debug|x64
		{1D7C5EE9-360A-4ECD-A732-16A57D05CA2C}.Debug|x86.ActiveCfg = Debug|x64
		{1D7C5EE9-360A-4ECD-A732-16A57D05CA2C}.Release|x64.ActiveCfg = Release|x64
		{1D7C5EE9-360A-4ECD-A732-16A57D05CA2C}.Release|x64.Build.0 = Release|x64
		{1D7C5EE9-360A-4ECD-A732-16A57D05CA2C}.Release|x86.ActiveCfg = Release|x64
		{2916E620-1157-4154-8223-887D383E9DE6}.Debug|x64.ActiveCfg = Debug|x64
		{2916E620-1157-4154-8223-887D383E9DE6}.Debug|x64.Build.0 = Debug|x64
		{2916E620-1157-4154-8223-887D383E9DE6}.Debug|x86.ActiveCfg = Debug|x64
		{2916E620-1157-4154-8223-887D383E9DE6}.Release|x64.ActiveCfg = Release|x64
		{2916E620-1157-4154-8223-887D383E9DE6}.Release|x64.Build.0 = Release|x64
		{2916E620-1157-4154-8223-887D383E9DE6}.Release|x86.ActiveCfg = Release|x64
		{1793EC43-27A8-414F-92F3-3F50628CF494}.Debug|x64.ActiveCfg = Debug|x64
		{1793EC43-27A8-414F-92F3-3F50628CF494}.Debug|x64.Build.0 = Debug|x64
		{1793EC43-27A8-414F-92F3-3F50628CF494}.Debug|x86.ActiveCfg = Debug|x64
		{1793EC43-27A8-414F-92F3-3F50628CF494}.Release|x64.ActiveCfg = Release|x64
		{1793EC43-27A8-414F-92F3-3F50628CF494}.Release|x64.Build.0 = Release|x64
		{1793EC43-27A8-414F-92F3-3F50628CF494}.Release|x86.ActiveCfg = Release|x64
		{49E0167C-FF14-42F2-BEB4-EDBA568640A5}.Debug|x64.ActiveCfg = Debug|x64
		{49E0167C-FF14-42F2-BEB4-EDBA568640A5}.Debug|x64.Build.0 = Debug|x64
		{49E0167C-FF14-42F2-BEB4-EDBA568640A5}.Debug|x86.ActiveCfg = Debug|x64
		{49E0167C-FF14-42F2-BEB4-EDBA568640A5}.Release|x64.ActiveCfg = Release|x64
		{49E0167C-FF14-42F2-BEB4-EDBA568640A5}.Release|x64.Build.0 = Release|x64
		{49E0167C-FF14-42F2-BEB4-EDBA568640A5}.Release|x86.ActiveCfg = Release|x64
		{C87F7284-62EF-4331-9444-9951DB12A57A}.Debug|x64.ActiveCfg = Debug|x64
		{C87F7284-62EF-4331-9444-9951DB12A57A}.Debug|x64.Build.0 = Debug|x64
		{C87F7284-62EF-4331-9444-9951DB12A57A}.Debug|x86.ActiveCfg = Debug|x64
		{C87F7284-62EF-4331-9444-9951DB12A57A}.Release|x64.ActiveCfg = Release|x64
		{C87F7284-62EF-4331-9444-9951DB12A57A}.Release|x64.Build.0 = Release|x64
		{C87F7284-62EF-4331-9444-9951DB12A57A}.Release|x86.ActiveCfg = Release|x64
		{6412844E-C573-4905-A388-661FB0E1035B}.Debug|x64.ActiveCfg = Debug|x64
		{6412844E-C573-4905-A388-661FB0E1035B}.Debug|x64.Build.0 = Debug|x64
		{6412844E-C573-4905-A388-661FB0E1035B}.Debug|x86.ActiveCfg = Debug|x64
		{6412844E-C573-4905-A388-661FB0E1035B}.Release|x64.ActiveCfg = Release|x64
		{6412844E-C573-4905-A388-661FB0E1035B}.Release|x64.Build.0 = Release|x64
		{6412844E-C573-4905-A388-661FB0E1035B}.Release|x86.ActiveCfg = Release|x64
	EndGlobalSection
	GlobalSection(SolutionProperties) = preSolution
		HideSolutionNode = FALSE
	EndGlobalSection
	GlobalSection(ExtensibilityGlobals) = postSolution
		SolutionGuid = {34246B3F-D88A-4E49-A9C9-C9D97C97BB66}
	EndGlobalSection
EndGlobal
